
Microsoft Visual Studio Solution File, Format Version 12.00
Project("{FAE04EC0-301F-11D3-BF4B-00C04F79EFBC}") = "VRCVideoCacher", "VRCVideoCacher\VRCVideoCacher.csproj", "{92BE4F12-DAD7-4DE8-BE11-BEE2607CF909}"
EndProject
Project("{FAE04EC0-301F-11D3-BF4B-00C04F79EFBC}") = "yt-dlp-stub", "yt-dlp-stub\yt-dlp-stub.csproj", "{2A4F7228-1F0C-4118-812F-186028B0F04B}"
EndProject
Global
	GlobalSection(SolutionConfigurationPlatforms) = preSolution
		Debug|Any CPU = Debug|Any CPU
		Release|Any CPU = Release|Any CPU
	EndGlobalSection
	GlobalSection(ProjectConfigurationPlatforms) = postSolution
		{92BE4F12-DAD7-4DE8-BE11-BEE2607CF909}.Debug|Any CPU.ActiveCfg = Debug|Any CPU
		{92BE4F12-DAD7-4DE8-BE11-BEE2607CF909}.Debug|Any CPU.Build.0 = Debug|Any CPU
		{92BE4F12-DAD7-4DE8-BE11-BEE2607CF909}.Release|Any CPU.ActiveCfg = Release|Any CPU
		{92BE4F12-DAD7-4DE8-BE11-BEE2607CF909}.Release|Any CPU.Build.0 = Release|Any CPU
		{2A4F7228-1F0C-4118-812F-186028B0F04B}.Debug|Any CPU.ActiveCfg = Debug|Any CPU
		{2A4F7228-1F0C-4118-812F-186028B0F04B}.Debug|Any CPU.Build.0 = Debug|Any CPU
		{2A4F7228-1F0C-4118-812F-186028B0F04B}.Release|Any CPU.ActiveCfg = Release|Any CPU
		{2A4F7228-1F0C-4118-812F-186028B0F04B}.Release|Any CPU.Build.0 = Release|Any CPU
	EndGlobalSection
EndGlobal
